
Microsoft Visual Studio Solution File, Format Version 12.00
# Visual Studio Version 16
VisualStudioVersion = 16.0.30011.22
MinimumVisualStudioVersion = 10.0.40219.1
Project("{FAE04EC0-301F-11D3-BF4B-00C04F79EFBC}") = "ex.11", "ex.11.csproj", "{8CAE67E5-0E0F-41A5-BC09-B69CACBCD3EA}"
EndProject
Global
	GlobalSection(SolutionConfigurationPlatforms) = preSolution
		Debug|Any CPU = Debug|Any CPU
		Release|Any CPU = Release|Any CPU
	EndGlobalSection
	GlobalSection(ProjectConfigurationPlatforms) = postSolution
		{8CAE67E5-0E0F-41A5-BC09-B69CACBCD3EA}.Debug|Any CPU.ActiveCfg = Debug|Any CPU
		{8CAE67E5-0E0F-41A5-BC09-B69CACBCD3EA}.Debug|Any CPU.Build.0 = Debug|Any CPU
		{8CAE67E5-0E0F-41A5-BC09-B69CACBCD3EA}.Release|Any CPU.ActiveCfg = Release|Any CPU
		{8CAE67E5-0E0F-41A5-BC09-B69CACBCD3EA}.Release|Any CPU.Build.0 = Release|Any CPU
	EndGlobalSection
	GlobalSection(SolutionProperties) = preSolution
		HideSolutionNode = FALSE
	EndGlobalSection
	GlobalSection(ExtensibilityGlobals) = postSolution
		SolutionGuid = {A9A66F04-08FB-42CD-B35F-5A9D2085FD68}
	EndGlobalSection
EndGlobal
